
Microsoft Visual Studio Solution File, Format Version 12.00
# Visual Studio Version 17
VisualStudioVersion = 17.14.36221.1
MinimumVisualStudioVersion = 10.0.40219.1
Project("{FAE04EC0-301F-11D3-BF4B-00C04F79EFBC}") = "BloomTech.Api", "BloomTech.Api\BloomTech.Api.csproj", "{06FB438F-33EA-42E6-96CA-B16767348F32}"
EndProject
Project("{FAE04EC0-301F-11D3-BF4B-00C04F79EFBC}") = "BloomTech.Core", "BloomTech.Core\BloomTech.Core.csproj", "{9B817D01-E499-4898-B132-9CC8FB1069EA}"
EndProject
Project("{FAE04EC0-301F-11D3-BF4B-00C04F79EFBC}") = "BloomTech.Data", "BloomTech.Data\BloomTech.Data.csproj", "{9FE46584-3DA6-4130-A878-8E68FED846AA}"
EndProject
Global
	GlobalSection(SolutionConfigurationPlatforms) = preSolution
		Debug|Any CPU = Debug|Any CPU
		Release|Any CPU = Release|Any CPU
	EndGlobalSection
	GlobalSection(ProjectConfigurationPlatforms) = postSolution
		{06FB438F-33EA-42E6-96CA-B16767348F32}.Debug|Any CPU.ActiveCfg = Debug|Any CPU
		{06FB438F-33EA-42E6-96CA-B16767348F32}.Debug|Any CPU.Build.0 = Debug|Any CPU
		{06FB438F-33EA-42E6-96CA-B16767348F32}.Release|Any CPU.ActiveCfg = Release|Any CPU
		{06FB438F-33EA-42E6-96CA-B16767348F32}.Release|Any CPU.Build.0 = Release|Any CPU
		{9B817D01-E499-4898-B132-9CC8FB1069EA}.Debug|Any CPU.ActiveCfg = Debug|Any CPU
		{9B817D01-E499-4898-B132-9CC8FB1069EA}.Debug|Any CPU.Build.0 = Debug|Any CPU
		{9B817D01-E499-4898-B132-9CC8FB1069EA}.Release|Any CPU.ActiveCfg = Release|Any CPU
		{9B817D01-E499-4898-B132-9CC8FB1069EA}.Release|Any CPU.Build.0 = Release|Any CPU
		{9FE46584-3DA6-4130-A878-8E68FED846AA}.Debug|Any CPU.ActiveCfg = Debug|Any CPU
		{9FE46584-3DA6-4130-A878-8E68FED846AA}.Debug|Any CPU.Build.0 = Debug|Any CPU
		{9FE46584-3DA6-4130-A878-8E68FED846AA}.Release|Any CPU.ActiveCfg = Release|Any CPU
		{9FE46584-3DA6-4130-A878-8E68FED846AA}.Release|Any CPU.Build.0 = Release|Any CPU
	EndGlobalSection
	GlobalSection(SolutionProperties) = preSolution
		HideSolutionNode = FALSE
	EndGlobalSection
	GlobalSection(ExtensibilityGlobals) = postSolution
		SolutionGuid = {A88041B7-2729-462C-89E4-8462F42AC361}
	EndGlobalSection
EndGlobal
